
Microsoft Visual Studio Solution File, Format Version 12.00
# Visual Studio Version 16
VisualStudioVersion = 16.0.29215.179
MinimumVisualStudioVersion = 10.0.40219.1
Project("{FAE04EC0-301F-11D3-BF4B-00C04F79EFBC}") = "FluentTerminal.App", "FluentTerminal.App\FluentTerminal.App.csproj", "{41020100-3414-4E0A-9A8E-92D3C4179DF8}"
	ProjectSection(ProjectDependencies) = postProject
		{9EDDE318-0003-4553-B6F9-3FE5473563FD} = {9EDDE318-0003-4553-B6F9-3FE5473563FD}
		{BAAE6239-343F-454C-977F-F81F91715961} = {BAAE6239-343F-454C-977F-F81F91715961}
	EndProjectSection
EndProject
Project("{FAE04EC0-301F-11D3-BF4B-00C04F79EFBC}") = "FluentTerminal.SystemTray", "FluentTerminal.SystemTray\FluentTerminal.SystemTray.csproj", "{9EDDE318-0003-4553-B6F9-3FE5473563FD}"
EndProject
Project("{FAE04EC0-301F-11D3-BF4B-00C04F79EFBC}") = "FluentTerminal.RuntimeComponent", "FluentTerminal.RuntimeComponent\FluentTerminal.RuntimeComponent.csproj", "{BAAE6239-343F-454C-977F-F81F91715961}"
EndProject
Project("{9A19103F-16F7-4668-BE54-9A1E7A4F7556}") = "FluentTerminal.Models", "FluentTerminal.Models\FluentTerminal.Models.csproj", "{5EA40453-A0AA-449E-8406-D6EA51D7E70E}"
EndProject
Project("{9A19103F-16F7-4668-BE54-9A1E7A4F7556}") = "FluentTerminal.App.Services", "FluentTerminal.App.Services\FluentTerminal.App.Services.csproj", "{A1AD7385-F92E-46AC-A349-43DC99B1E72D}"
EndProject
Project("{9A19103F-16F7-4668-BE54-9A1E7A4F7556}") = "FluentTerminal.App.Services.Test", "FluentTerminal.App.Services.Test\FluentTerminal.App.Services.Test.csproj", "{B353EAF4-8332-4C89-B986-B0B29F7E21FC}"
EndProject
Project("{9A19103F-16F7-4668-BE54-9A1E7A4F7556}") = "FluentTerminal.App.ViewModels", "FluentTerminal.App.ViewModels\FluentTerminal.App.ViewModels.csproj", "{44E8E225-F46C-47EC-9290-FFA08FCCF1B5}"
EndProject
Project("{C7167F0D-BC9F-4E6E-AFE1-012C56B48DB5}") = "FluentTerminal.Package", "FluentTerminal.Package\FluentTerminal.Package.wapproj", "{DA0BF206-F386-404C-82DF-5EAE2F5B1AA5}"
	ProjectSection(ProjectDependencies) = postProject
		{44E8E225-F46C-47EC-9290-FFA08FCCF1B5} = {44E8E225-F46C-47EC-9290-FFA08FCCF1B5}
		{BAAE6239-343F-454C-977F-F81F91715961} = {BAAE6239-343F-454C-977F-F81F91715961}
		{5EA40453-A0AA-449E-8406-D6EA51D7E70E} = {5EA40453-A0AA-449E-8406-D6EA51D7E70E}
		{A1AD7385-F92E-46AC-A349-43DC99B1E72D} = {A1AD7385-F92E-46AC-A349-43DC99B1E72D}
	EndProjectSection
EndProject
Global
	GlobalSection(SolutionConfigurationPlatforms) = preSolution
		Debug|Any CPU = Debug|Any CPU
		Debug|ARM = Debug|ARM
		Debug|ARM64 = Debug|ARM64
		Debug|x64 = Debug|x64
		Debug|x86 = Debug|x86
		Release|Any CPU = Release|Any CPU
		Release|ARM = Release|ARM
		Release|ARM64 = Release|ARM64
		Release|x64 = Release|x64
		Release|x86 = Release|x86
		Store|Any CPU = Store|Any CPU
		Store|ARM = Store|ARM
		Store|ARM64 = Store|ARM64
		Store|x64 = Store|x64
		Store|x86 = Store|x86
	EndGlobalSection
	GlobalSection(ProjectConfigurationPlatforms) = postSolution
		{41020100-3414-4E0A-9A8E-92D3C4179DF8}.Debug|Any CPU.ActiveCfg = Debug|x86
		{41020100-3414-4E0A-9A8E-92D3C4179DF8}.Debug|ARM.ActiveCfg = Debug|ARM
		{41020100-3414-4E0A-9A8E-92D3C4179DF8}.Debug|ARM.Build.0 = Debug|ARM
		{41020100-3414-4E0A-9A8E-92D3C4179DF8}.Debug|ARM.Deploy.0 = Debug|ARM
		{41020100-3414-4E0A-9A8E-92D3C4179DF8}.Debug|ARM64.ActiveCfg = Debug|x86
		{41020100-3414-4E0A-9A8E-92D3C4179DF8}.Debug|x64.ActiveCfg = Debug|x64
		{41020100-3414-4E0A-9A8E-92D3C4179DF8}.Debug|x64.Build.0 = Debug|x64
		{41020100-3414-4E0A-9A8E-92D3C4179DF8}.Debug|x86.ActiveCfg = Debug|x86
		{41020100-3414-4E0A-9A8E-92D3C4179DF8}.Debug|x86.Build.0 = Debug|x86
		{41020100-3414-4E0A-9A8E-92D3C4179DF8}.Release|Any CPU.ActiveCfg = Release|x86
		{41020100-3414-4E0A-9A8E-92D3C4179DF8}.Release|ARM.ActiveCfg = Release|ARM
		{41020100-3414-4E0A-9A8E-92D3C4179DF8}.Release|ARM.Build.0 = Release|ARM
		{41020100-3414-4E0A-9A8E-92D3C4179DF8}.Release|ARM.Deploy.0 = Release|ARM
		{41020100-3414-4E0A-9A8E-92D3C4179DF8}.Release|ARM64.ActiveCfg = Release|x86
		{41020100-3414-4E0A-9A8E-92D3C4179DF8}.Release|x64.ActiveCfg = Release|x64
		{41020100-3414-4E0A-9A8E-92D3C4179DF8}.Release|x64.Build.0 = Release|x64
		{41020100-3414-4E0A-9A8E-92D3C4179DF8}.Release|x86.ActiveCfg = Release|x86
		{41020100-3414-4E0A-9A8E-92D3C4179DF8}.Release|x86.Build.0 = Release|x86
		{41020100-3414-4E0A-9A8E-92D3C4179DF8}.Store|Any CPU.ActiveCfg = Release|x64
		{41020100-3414-4E0A-9A8E-92D3C4179DF8}.Store|Any CPU.Build.0 = Release|x64
		{41020100-3414-4E0A-9A8E-92D3C4179DF8}.Store|Any CPU.Deploy.0 = Release|x64
		{41020100-3414-4E0A-9A8E-92D3C4179DF8}.Store|ARM.ActiveCfg = Release|ARM
		{41020100-3414-4E0A-9A8E-92D3C4179DF8}.Store|ARM.Build.0 = Release|ARM
		{41020100-3414-4E0A-9A8E-92D3C4179DF8}.Store|ARM.Deploy.0 = Release|ARM
		{41020100-3414-4E0A-9A8E-92D3C4179DF8}.Store|ARM64.ActiveCfg = Release|x64
		{41020100-3414-4E0A-9A8E-92D3C4179DF8}.Store|ARM64.Build.0 = Release|x64
		{41020100-3414-4E0A-9A8E-92D3C4179DF8}.Store|ARM64.Deploy.0 = Release|x64
		{41020100-3414-4E0A-9A8E-92D3C4179DF8}.Store|x64.ActiveCfg = Release|x64
		{41020100-3414-4E0A-9A8E-92D3C4179DF8}.Store|x64.Build.0 = Release|x64
		{41020100-3414-4E0A-9A8E-92D3C4179DF8}.Store|x86.ActiveCfg = Release|x86
		{41020100-3414-4E0A-9A8E-92D3C4179DF8}.Store|x86.Build.0 = Release|x86
		{9EDDE318-0003-4553-B6F9-3FE5473563FD}.Debug|Any CPU.ActiveCfg = Debug|Any CPU
		{9EDDE318-0003-4553-B6F9-3FE5473563FD}.Debug|Any CPU.Build.0 = Debug|Any CPU
		{9EDDE318-0003-4553-B6F9-3FE5473563FD}.Debug|ARM.ActiveCfg = Debug|Any CPU
		{9EDDE318-0003-4553-B6F9-3FE5473563FD}.Debug|ARM.Build.0 = Debug|Any CPU
		{9EDDE318-0003-4553-B6F9-3FE5473563FD}.Debug|ARM64.ActiveCfg = Debug|Any CPU
		{9EDDE318-0003-4553-B6F9-3FE5473563FD}.Debug|ARM64.Build.0 = Debug|Any CPU
		{9EDDE318-0003-4553-B6F9-3FE5473563FD}.Debug|x64.ActiveCfg = Debug|x64
		{9EDDE318-0003-4553-B6F9-3FE5473563FD}.Debug|x64.Build.0 = Debug|x64
		{9EDDE318-0003-4553-B6F9-3FE5473563FD}.Debug|x86.ActiveCfg = Debug|x86
		{9EDDE318-0003-4553-B6F9-3FE5473563FD}.Debug|x86.Build.0 = Debug|x86
		{9EDDE318-0003-4553-B6F9-3FE5473563FD}.Release|Any CPU.ActiveCfg = Release|Any CPU
		{9EDDE318-0003-4553-B6F9-3FE5473563FD}.Release|Any CPU.Build.0 = Release|Any CPU
		{9EDDE318-0003-4553-B6F9-3FE5473563FD}.Release|ARM.ActiveCfg = Release|Any CPU
		{9EDDE318-0003-4553-B6F9-3FE5473563FD}.Release|ARM.Build.0 = Release|Any CPU
		{9EDDE318-0003-4553-B6F9-3FE5473563FD}.Release|ARM64.ActiveCfg = Release|Any CPU
		{9EDDE318-0003-4553-B6F9-3FE5473563FD}.Release|ARM64.Build.0 = Release|Any CPU
		{9EDDE318-0003-4553-B6F9-3FE5473563FD}.Release|x64.ActiveCfg = Release|x64
		{9EDDE318-0003-4553-B6F9-3FE5473563FD}.Release|x64.Build.0 = Release|x64
		{9EDDE318-0003-4553-B6F9-3FE5473563FD}.Release|x86.ActiveCfg = Release|x86
		{9EDDE318-0003-4553-B6F9-3FE5473563FD}.Release|x86.Build.0 = Release|x86
		{9EDDE318-0003-4553-B6F9-3FE5473563FD}.Store|Any CPU.ActiveCfg = Store|Any CPU
		{9EDDE318-0003-4553-B6F9-3FE5473563FD}.Store|Any CPU.Build.0 = Store|Any CPU
		{9EDDE318-0003-4553-B6F9-3FE5473563FD}.Store|ARM.ActiveCfg = Store|Any CPU
		{9EDDE318-0003-4553-B6F9-3FE5473563FD}.Store|ARM.Build.0 = Store|Any CPU
		{9EDDE318-0003-4553-B6F9-3FE5473563FD}.Store|ARM64.ActiveCfg = Store|Any CPU
		{9EDDE318-0003-4553-B6F9-3FE5473563FD}.Store|ARM64.Build.0 = Store|Any CPU
		{9EDDE318-0003-4553-B6F9-3FE5473563FD}.Store|x64.ActiveCfg = Store|x64
		{9EDDE318-0003-4553-B6F9-3FE5473563FD}.Store|x64.Build.0 = Store|x64
		{9EDDE318-0003-4553-B6F9-3FE5473563FD}.Store|x86.ActiveCfg = Store|x86
		{9EDDE318-0003-4553-B6F9-3FE5473563FD}.Store|x86.Build.0 = Store|x86
		{BAAE6239-343F-454C-977F-F81F91715961}.Debug|Any CPU.ActiveCfg = Debug|Any CPU
		{BAAE6239-343F-454C-977F-F81F91715961}.Debug|Any CPU.Build.0 = Debug|Any CPU
		{BAAE6239-343F-454C-977F-F81F91715961}.Debug|ARM.ActiveCfg = Debug|ARM
		{BAAE6239-343F-454C-977F-F81F91715961}.Debug|ARM.Build.0 = Debug|ARM
		{BAAE6239-343F-454C-977F-F81F91715961}.Debug|ARM64.ActiveCfg = Debug|Any CPU
		{BAAE6239-343F-454C-977F-F81F91715961}.Debug|ARM64.Build.0 = Debug|Any CPU
		{BAAE6239-343F-454C-977F-F81F91715961}.Debug|x64.ActiveCfg = Debug|x64
		{BAAE6239-343F-454C-977F-F81F91715961}.Debug|x64.Build.0 = Debug|x64
		{BAAE6239-343F-454C-977F-F81F91715961}.Debug|x86.ActiveCfg = Debug|x86
		{BAAE6239-343F-454C-977F-F81F91715961}.Debug|x86.Build.0 = Debug|x86
		{BAAE6239-343F-454C-977F-F81F91715961}.Release|Any CPU.ActiveCfg = Release|Any CPU
		{BAAE6239-343F-454C-977F-F81F91715961}.Release|Any CPU.Build.0 = Release|Any CPU
		{BAAE6239-343F-454C-977F-F81F91715961}.Release|ARM.ActiveCfg = Release|ARM
		{BAAE6239-343F-454C-977F-F81F91715961}.Release|ARM.Build.0 = Release|ARM
		{BAAE6239-343F-454C-977F-F81F91715961}.Release|ARM64.ActiveCfg = Release|Any CPU
		{BAAE6239-343F-454C-977F-F81F91715961}.Release|ARM64.Build.0 = Release|Any CPU
		{BAAE6239-343F-454C-977F-F81F91715961}.Release|x64.ActiveCfg = Release|x64
		{BAAE6239-343F-454C-977F-F81F91715961}.Release|x64.Build.0 = Release|x64
		{BAAE6239-343F-454C-977F-F81F91715961}.Release|x86.ActiveCfg = Release|x86
		{BAAE6239-343F-454C-977F-F81F91715961}.Release|x86.Build.0 = Release|x86
		{BAAE6239-343F-454C-977F-F81F91715961}.Store|Any CPU.ActiveCfg = Release|Any CPU
		{BAAE6239-343F-454C-977F-F81F91715961}.Store|Any CPU.Build.0 = Release|Any CPU
		{BAAE6239-343F-454C-977F-F81F91715961}.Store|ARM.ActiveCfg = Release|ARM
		{BAAE6239-343F-454C-977F-F81F91715961}.Store|ARM.Build.0 = Release|ARM
		{BAAE6239-343F-454C-977F-F81F91715961}.Store|ARM64.ActiveCfg = Release|Any CPU
		{BAAE6239-343F-454C-977F-F81F91715961}.Store|ARM64.Build.0 = Release|Any CPU
		{BAAE6239-343F-454C-977F-F81F91715961}.Store|x64.ActiveCfg = Release|x64
		{BAAE6239-343F-454C-977F-F81F91715961}.Store|x64.Build.0 = Release|x64
		{BAAE6239-343F-454C-977F-F81F91715961}.Store|x86.ActiveCfg = Release|x86
		{BAAE6239-343F-454C-977F-F81F91715961}.Store|x86.Build.0 = Release|x86
		{5EA40453-A0AA-449E-8406-D6EA51D7E70E}.Debug|Any CPU.ActiveCfg = Debug|Any CPU
		{5EA40453-A0AA-449E-8406-D6EA51D7E70E}.Debug|Any CPU.Build.0 = Debug|Any CPU
		{5EA40453-A0AA-449E-8406-D6EA51D7E70E}.Debug|ARM.ActiveCfg = Debug|Any CPU
		{5EA40453-A0AA-449E-8406-D6EA51D7E70E}.Debug|ARM.Build.0 = Debug|Any CPU
		{5EA40453-A0AA-449E-8406-D6EA51D7E70E}.Debug|ARM64.ActiveCfg = Debug|Any CPU
		{5EA40453-A0AA-449E-8406-D6EA51D7E70E}.Debug|ARM64.Build.0 = Debug|Any CPU
		{5EA40453-A0AA-449E-8406-D6EA51D7E70E}.Debug|x64.ActiveCfg = Debug|Any CPU
		{5EA40453-A0AA-449E-8406-D6EA51D7E70E}.Debug|x64.Build.0 = Debug|Any CPU
		{5EA40453-A0AA-449E-8406-D6EA51D7E70E}.Debug|x86.ActiveCfg = Debug|Any CPU
		{5EA40453-A0AA-449E-8406-D6EA51D7E70E}.Debug|x86.Build.0 = Debug|Any CPU
		{5EA40453-A0AA-449E-8406-D6EA51D7E70E}.Release|Any CPU.ActiveCfg = Release|Any CPU
		{5EA40453-A0AA-449E-8406-D6EA51D7E70E}.Release|Any CPU.Build.0 = Release|Any CPU
		{5EA40453-A0AA-449E-8406-D6EA51D7E70E}.Release|ARM.ActiveCfg = Release|Any CPU
		{5EA40453-A0AA-449E-8406-D6EA51D7E70E}.Release|ARM.Build.0 = Release|Any CPU
		{5EA40453-A0AA-449E-8406-D6EA51D7E70E}.Release|ARM64.ActiveCfg = Release|Any CPU
		{5EA40453-A0AA-449E-8406-D6EA51D7E70E}.Release|ARM64.Build.0 = Release|Any CPU
		{5EA40453-A0AA-449E-8406-D6EA51D7E70E}.Release|x64.ActiveCfg = Release|Any CPU
		{5EA40453-A0AA-449E-8406-D6EA51D7E70E}.Release|x64.Build.0 = Release|Any CPU
		{5EA40453-A0AA-449E-8406-D6EA51D7E70E}.Release|x86.ActiveCfg = Release|Any CPU
		{5EA40453-A0AA-449E-8406-D6EA51D7E70E}.Release|x86.Build.0 = Release|Any CPU
		{5EA40453-A0AA-449E-8406-D6EA51D7E70E}.Store|Any CPU.ActiveCfg = Release|Any CPU
		{5EA40453-A0AA-449E-8406-D6EA51D7E70E}.Store|Any CPU.Build.0 = Release|Any CPU
		{5EA40453-A0AA-449E-8406-D6EA51D7E70E}.Store|ARM.ActiveCfg = Release|Any CPU
		{5EA40453-A0AA-449E-8406-D6EA51D7E70E}.Store|ARM.Build.0 = Release|Any CPU
		{5EA40453-A0AA-449E-8406-D6EA51D7E70E}.Store|ARM64.ActiveCfg = Release|Any CPU
		{5EA40453-A0AA-449E-8406-D6EA51D7E70E}.Store|ARM64.Build.0 = Release|Any CPU
		{5EA40453-A0AA-449E-8406-D6EA51D7E70E}.Store|x64.ActiveCfg = Release|Any CPU
		{5EA40453-A0AA-449E-8406-D6EA51D7E70E}.Store|x64.Build.0 = Release|Any CPU
		{5EA40453-A0AA-449E-8406-D6EA51D7E70E}.Store|x86.ActiveCfg = Release|Any CPU
		{5EA40453-A0AA-449E-8406-D6EA51D7E70E}.Store|x86.Build.0 = Release|Any CPU
		{A1AD7385-F92E-46AC-A349-43DC99B1E72D}.Debug|Any CPU.ActiveCfg = Debug|Any CPU
		{A1AD7385-F92E-46AC-A349-43DC99B1E72D}.Debug|Any CPU.Build.0 = Debug|Any CPU
		{A1AD7385-F92E-46AC-A349-43DC99B1E72D}.Debug|ARM.ActiveCfg = Debug|Any CPU
		{A1AD7385-F92E-46AC-A349-43DC99B1E72D}.Debug|ARM.Build.0 = Debug|Any CPU
		{A1AD7385-F92E-46AC-A349-43DC99B1E72D}.Debug|ARM64.ActiveCfg = Debug|Any CPU
		{A1AD7385-F92E-46AC-A349-43DC99B1E72D}.Debug|ARM64.Build.0 = Debug|Any CPU
		{A1AD7385-F92E-46AC-A349-43DC99B1E72D}.Debug|x64.ActiveCfg = Debug|Any CPU
		{A1AD7385-F92E-46AC-A349-43DC99B1E72D}.Debug|x64.Build.0 = Debug|Any CPU
		{A1AD7385-F92E-46AC-A349-43DC99B1E72D}.Debug|x86.ActiveCfg = Debug|Any CPU
		{A1AD7385-F92E-46AC-A349-43DC99B1E72D}.Debug|x86.Build.0 = Debug|Any CPU
		{A1AD7385-F92E-46AC-A349-43DC99B1E72D}.Release|Any CPU.ActiveCfg = Release|Any CPU
		{A1AD7385-F92E-46AC-A349-43DC99B1E72D}.Release|Any CPU.Build.0 = Release|Any CPU
		{A1AD7385-F92E-46AC-A349-43DC99B1E72D}.Release|ARM.ActiveCfg = Release|Any CPU
		{A1AD7385-F92E-46AC-A349-43DC99B1E72D}.Release|ARM.Build.0 = Release|Any CPU
		{A1AD7385-F92E-46AC-A349-43DC99B1E72D}.Release|ARM64.ActiveCfg = Release|Any CPU
		{A1AD7385-F92E-46AC-A349-43DC99B1E72D}.Release|ARM64.Build.0 = Release|Any CPU
		{A1AD7385-F92E-46AC-A349-43DC99B1E72D}.Release|x64.ActiveCfg = Release|Any CPU
		{A1AD7385-F92E-46AC-A349-43DC99B1E72D}.Release|x64.Build.0 = Release|Any CPU
		{A1AD7385-F92E-46AC-A349-43DC99B1E72D}.Release|x86.ActiveCfg = Release|Any CPU
		{A1AD7385-F92E-46AC-A349-43DC99B1E72D}.Release|x86.Build.0 = Release|Any CPU
		{A1AD7385-F92E-46AC-A349-43DC99B1E72D}.Store|Any CPU.ActiveCfg = Release|Any CPU
		{A1AD7385-F92E-46AC-A349-43DC99B1E72D}.Store|Any CPU.Build.0 = Release|Any CPU
		{A1AD7385-F92E-46AC-A349-43DC99B1E72D}.Store|ARM.ActiveCfg = Release|Any CPU
		{A1AD7385-F92E-46AC-A349-43DC99B1E72D}.Store|ARM.Build.0 = Release|Any CPU
		{A1AD7385-F92E-46AC-A349-43DC99B1E72D}.Store|ARM64.ActiveCfg = Release|Any CPU
		{A1AD7385-F92E-46AC-A349-43DC99B1E72D}.Store|ARM64.Build.0 = Release|Any CPU
		{A1AD7385-F92E-46AC-A349-43DC99B1E72D}.Store|x64.ActiveCfg = Release|Any CPU
		{A1AD7385-F92E-46AC-A349-43DC99B1E72D}.Store|x64.Build.0 = Release|Any CPU
		{A1AD7385-F92E-46AC-A349-43DC99B1E72D}.Store|x86.ActiveCfg = Release|Any CPU
		{A1AD7385-F92E-46AC-A349-43DC99B1E72D}.Store|x86.Build.0 = Release|Any CPU
		{B353EAF4-8332-4C89-B986-B0B29F7E21FC}.Debug|Any CPU.ActiveCfg = Debug|Any CPU
		{B353EAF4-8332-4C89-B986-B0B29F7E21FC}.Debug|Any CPU.Build.0 = Debug|Any CPU
		{B353EAF4-8332-4C89-B986-B0B29F7E21FC}.Debug|ARM.ActiveCfg = Debug|Any CPU
		{B353EAF4-8332-4C89-B986-B0B29F7E21FC}.Debug|ARM.Build.0 = Debug|Any CPU
		{B353EAF4-8332-4C89-B986-B0B29F7E21FC}.Debug|ARM64.ActiveCfg = Debug|Any CPU
		{B353EAF4-8332-4C89-B986-B0B29F7E21FC}.Debug|ARM64.Build.0 = Debug|Any CPU
		{B353EAF4-8332-4C89-B986-B0B29F7E21FC}.Debug|x64.ActiveCfg = Debug|Any CPU
		{B353EAF4-8332-4C89-B986-B0B29F7E21FC}.Debug|x64.Build.0 = Debug|Any CPU
		{B353EAF4-8332-4C89-B986-B0B29F7E21FC}.Debug|x86.ActiveCfg = Debug|Any CPU
		{B353EAF4-8332-4C89-B986-B0B29F7E21FC}.Debug|x86.Build.0 = Debug|Any CPU
		{B353EAF4-8332-4C89-B986-B0B29F7E21FC}.Release|Any CPU.ActiveCfg = Release|Any CPU
		{B353EAF4-8332-4C89-B986-B0B29F7E21FC}.Release|Any CPU.Build.0 = Release|Any CPU
		{B353EAF4-8332-4C89-B986-B0B29F7E21FC}.Release|ARM.ActiveCfg = Release|Any CPU
		{B353EAF4-8332-4C89-B986-B0B29F7E21FC}.Release|ARM.Build.0 = Release|Any CPU
		{B353EAF4-8332-4C89-B986-B0B29F7E21FC}.Release|ARM64.ActiveCfg = Release|Any CPU
		{B353EAF4-8332-4C89-B986-B0B29F7E21FC}.Release|ARM64.Build.0 = Release|Any CPU
		{B353EAF4-8332-4C89-B986-B0B29F7E21FC}.Release|x64.ActiveCfg = Release|Any CPU
		{B353EAF4-8332-4C89-B986-B0B29F7E21FC}.Release|x86.ActiveCfg = Release|Any CPU
		{B353EAF4-8332-4C89-B986-B0B29F7E21FC}.Store|Any CPU.ActiveCfg = Release|Any CPU
		{B353EAF4-8332-4C89-B986-B0B29F7E21FC}.Store|Any CPU.Build.0 = Release|Any CPU
		{B353EAF4-8332-4C89-B986-B0B29F7E21FC}.Store|ARM.ActiveCfg = Release|Any CPU
		{B353EAF4-8332-4C89-B986-B0B29F7E21FC}.Store|ARM.Build.0 = Release|Any CPU
		{B353EAF4-8332-4C89-B986-B0B29F7E21FC}.Store|ARM64.ActiveCfg = Release|Any CPU
		{B353EAF4-8332-4C89-B986-B0B29F7E21FC}.Store|ARM64.Build.0 = Release|Any CPU
		{B353EAF4-8332-4C89-B986-B0B29F7E21FC}.Store|x64.ActiveCfg = Release|Any CPU
		{B353EAF4-8332-4C89-B986-B0B29F7E21FC}.Store|x86.ActiveCfg = Release|Any CPU
		{44E8E225-F46C-47EC-9290-FFA08FCCF1B5}.Debug|Any CPU.ActiveCfg = Debug|Any CPU
		{44E8E225-F46C-47EC-9290-FFA08FCCF1B5}.Debug|Any CPU.Build.0 = Debug|Any CPU
		{44E8E225-F46C-47EC-9290-FFA08FCCF1B5}.Debug|ARM.ActiveCfg = Debug|Any CPU
		{44E8E225-F46C-47EC-9290-FFA08FCCF1B5}.Debug|ARM.Build.0 = Debug|Any CPU
		{44E8E225-F46C-47EC-9290-FFA08FCCF1B5}.Debug|ARM64.ActiveCfg = Debug|Any CPU
		{44E8E225-F46C-47EC-9290-FFA08FCCF1B5}.Debug|ARM64.Build.0 = Debug|Any CPU
		{44E8E225-F46C-47EC-9290-FFA08FCCF1B5}.Debug|x64.ActiveCfg = Debug|Any CPU
		{44E8E225-F46C-47EC-9290-FFA08FCCF1B5}.Debug|x64.Build.0 = Debug|Any CPU
		{44E8E225-F46C-47EC-9290-FFA08FCCF1B5}.Debug|x86.ActiveCfg = Debug|Any CPU
		{44E8E225-F46C-47EC-9290-FFA08FCCF1B5}.Debug|x86.Build.0 = Debug|Any CPU
		{44E8E225-F46C-47EC-9290-FFA08FCCF1B5}.Release|Any CPU.ActiveCfg = Release|Any CPU
		{44E8E225-F46C-47EC-9290-FFA08FCCF1B5}.Release|Any CPU.Build.0 = Release|Any CPU
		{44E8E225-F46C-47EC-9290-FFA08FCCF1B5}.Release|ARM.ActiveCfg = Release|Any CPU
		{44E8E225-F46C-47EC-9290-FFA08FCCF1B5}.Release|ARM.Build.0 = Release|Any CPU
		{44E8E225-F46C-47EC-9290-FFA08FCCF1B5}.Release|ARM64.ActiveCfg = Release|Any CPU
		{44E8E225-F46C-47EC-9290-FFA08FCCF1B5}.Release|ARM64.Build.0 = Release|Any CPU
		{44E8E225-F46C-47EC-9290-FFA08FCCF1B5}.Release|x64.ActiveCfg = Release|Any CPU
		{44E8E225-F46C-47EC-9290-FFA08FCCF1B5}.Release|x64.Build.0 = Release|Any CPU
		{44E8E225-F46C-47EC-9290-FFA08FCCF1B5}.Release|x86.ActiveCfg = Release|Any CPU
		{44E8E225-F46C-47EC-9290-FFA08FCCF1B5}.Release|x86.Build.0 = Release|Any CPU
		{44E8E225-F46C-47EC-9290-FFA08FCCF1B5}.Store|Any CPU.ActiveCfg = Release|Any CPU
		{44E8E225-F46C-47EC-9290-FFA08FCCF1B5}.Store|Any CPU.Build.0 = Release|Any CPU
		{44E8E225-F46C-47EC-9290-FFA08FCCF1B5}.Store|ARM.ActiveCfg = Release|Any CPU
		{44E8E225-F46C-47EC-9290-FFA08FCCF1B5}.Store|ARM.Build.0 = Release|Any CPU
		{44E8E225-F46C-47EC-9290-FFA08FCCF1B5}.Store|ARM64.ActiveCfg = Release|Any CPU
		{44E8E225-F46C-47EC-9290-FFA08FCCF1B5}.Store|ARM64.Build.0 = Release|Any CPU
		{44E8E225-F46C-47EC-9290-FFA08FCCF1B5}.Store|x64.ActiveCfg = Release|Any CPU
		{44E8E225-F46C-47EC-9290-FFA08FCCF1B5}.Store|x64.Build.0 = Release|Any CPU
		{44E8E225-F46C-47EC-9290-FFA08FCCF1B5}.Store|x86.ActiveCfg = Release|Any CPU
		{44E8E225-F46C-47EC-9290-FFA08FCCF1B5}.Store|x86.Build.0 = Release|Any CPU
		{DA0BF206-F386-404C-82DF-5EAE2F5B1AA5}.Debug|Any CPU.ActiveCfg = Debug|Any CPU
		{DA0BF206-F386-404C-82DF-5EAE2F5B1AA5}.Debug|Any CPU.Build.0 = Debug|Any CPU
		{DA0BF206-F386-404C-82DF-5EAE2F5B1AA5}.Debug|Any CPU.Deploy.0 = Debug|Any CPU
		{DA0BF206-F386-404C-82DF-5EAE2F5B1AA5}.Debug|ARM.ActiveCfg = Debug|ARM
		{DA0BF206-F386-404C-82DF-5EAE2F5B1AA5}.Debug|ARM.Build.0 = Debug|ARM
		{DA0BF206-F386-404C-82DF-5EAE2F5B1AA5}.Debug|ARM.Deploy.0 = Debug|ARM
		{DA0BF206-F386-404C-82DF-5EAE2F5B1AA5}.Debug|ARM64.ActiveCfg = Debug|ARM64
		{DA0BF206-F386-404C-82DF-5EAE2F5B1AA5}.Debug|ARM64.Build.0 = Debug|ARM64
		{DA0BF206-F386-404C-82DF-5EAE2F5B1AA5}.Debug|ARM64.Deploy.0 = Debug|ARM64
		{DA0BF206-F386-404C-82DF-5EAE2F5B1AA5}.Debug|x64.ActiveCfg = Debug|x64
		{DA0BF206-F386-404C-82DF-5EAE2F5B1AA5}.Debug|x64.Build.0 = Debug|x64
		{DA0BF206-F386-404C-82DF-5EAE2F5B1AA5}.Debug|x64.Deploy.0 = Debug|x64
		{DA0BF206-F386-404C-82DF-5EAE2F5B1AA5}.Debug|x86.ActiveCfg = Debug|x86
		{DA0BF206-F386-404C-82DF-5EAE2F5B1AA5}.Debug|x86.Build.0 = Debug|x86
		{DA0BF206-F386-404C-82DF-5EAE2F5B1AA5}.Debug|x86.Deploy.0 = Debug|x86
		{DA0BF206-F386-404C-82DF-5EAE2F5B1AA5}.Release|Any CPU.ActiveCfg = Release|Any CPU
		{DA0BF206-F386-404C-82DF-5EAE2F5B1AA5}.Release|Any CPU.Build.0 = Release|Any CPU
		{DA0BF206-F386-404C-82DF-5EAE2F5B1AA5}.Release|Any CPU.Deploy.0 = Release|Any CPU
		{DA0BF206-F386-404C-82DF-5EAE2F5B1AA5}.Release|ARM.ActiveCfg = Release|ARM
		{DA0BF206-F386-404C-82DF-5EAE2F5B1AA5}.Release|ARM.Build.0 = Release|ARM
		{DA0BF206-F386-404C-82DF-5EAE2F5B1AA5}.Release|ARM.Deploy.0 = Release|ARM
		{DA0BF206-F386-404C-82DF-5EAE2F5B1AA5}.Release|ARM64.ActiveCfg = Release|ARM64
		{DA0BF206-F386-404C-82DF-5EAE2F5B1AA5}.Release|ARM64.Build.0 = Release|ARM64
		{DA0BF206-F386-404C-82DF-5EAE2F5B1AA5}.Release|ARM64.Deploy.0 = Release|ARM64
		{DA0BF206-F386-404C-82DF-5EAE2F5B1AA5}.Release|x64.ActiveCfg = Release|x64
		{DA0BF206-F386-404C-82DF-5EAE2F5B1AA5}.Release|x64.Build.0 = Release|x64
		{DA0BF206-F386-404C-82DF-5EAE2F5B1AA5}.Release|x64.Deploy.0 = Release|x64
		{DA0BF206-F386-404C-82DF-5EAE2F5B1AA5}.Release|x86.ActiveCfg = Release|x86
		{DA0BF206-F386-404C-82DF-5EAE2F5B1AA5}.Release|x86.Build.0 = Release|x86
		{DA0BF206-F386-404C-82DF-5EAE2F5B1AA5}.Release|x86.Deploy.0 = Release|x86
		{DA0BF206-F386-404C-82DF-5EAE2F5B1AA5}.Store|Any CPU.ActiveCfg = Release|Any CPU
		{DA0BF206-F386-404C-82DF-5EAE2F5B1AA5}.Store|Any CPU.Build.0 = Release|Any CPU
		{DA0BF206-F386-404C-82DF-5EAE2F5B1AA5}.Store|Any CPU.Deploy.0 = Release|Any CPU
		{DA0BF206-F386-404C-82DF-5EAE2F5B1AA5}.Store|ARM.ActiveCfg = Release|ARM
		{DA0BF206-F386-404C-82DF-5EAE2F5B1AA5}.Store|ARM.Build.0 = Release|ARM
		{DA0BF206-F386-404C-82DF-5EAE2F5B1AA5}.Store|ARM.Deploy.0 = Release|ARM
		{DA0BF206-F386-404C-82DF-5EAE2F5B1AA5}.Store|ARM64.ActiveCfg = Release|ARM64
		{DA0BF206-F386-404C-82DF-5EAE2F5B1AA5}.Store|ARM64.Build.0 = Release|ARM64
		{DA0BF206-F386-404C-82DF-5EAE2F5B1AA5}.Store|ARM64.Deploy.0 = Release|ARM64
		{DA0BF206-F386-404C-82DF-5EAE2F5B1AA5}.Store|x64.ActiveCfg = Release|x64
		{DA0BF206-F386-404C-82DF-5EAE2F5B1AA5}.Store|x64.Build.0 = Release|x64
		{DA0BF206-F386-404C-82DF-5EAE2F5B1AA5}.Store|x64.Deploy.0 = Release|x64
		{DA0BF206-F386-404C-82DF-5EAE2F5B1AA5}.Store|x86.ActiveCfg = Release|x86
		{DA0BF206-F386-404C-82DF-5EAE2F5B1AA5}.Store|x86.Build.0 = Release|x86
		{DA0BF206-F386-404C-82DF-5EAE2F5B1AA5}.Store|x86.Deploy.0 = Release|x86
	EndGlobalSection
	GlobalSection(SolutionProperties) = preSolution
		HideSolutionNode = FALSE
	EndGlobalSection
	GlobalSection(ExtensibilityGlobals) = postSolution
		SolutionGuid = {094EE77F-2C87-4E36-BBFF-C093D31D4DA7}
	EndGlobalSection
EndGlobal
