{
  "requires": true,
  "lockfileVersion": 1,
  "dependencies": {
    "xterm-addon-web-links": {
      "version": "0.2.0",
      "resolved": "https://registry.npmjs.org/xterm-addon-web-links/-/xterm-addon-web-links-0.2.0.tgz",
      "integrity": "sha512-dq81c4Pzli2PgKVBgY2REte9sCVibR3df8AP3SEvCTM9uYFnUFxtxzMTplPnc7+rXabVhFdbU6x+rstIk8HNQg=="
    }
  }
}
